
Microsoft Visual Studio Solution File, Format Version 12.00
# Visual Studio Version 17
VisualStudioVersion = 17.2.32630.192
MinimumVisualStudioVersion = 10.0.40219.1
Project("{FAE04EC0-301F-11D3-BF4B-00C04F79EFBC}") = "Exercício_68.05", "Exercício_68.05\Exercício_68.05.csproj", "{A206D52E-0667-4B0F-86C2-D5DE1C0824BA}"
EndProject
Global
	GlobalSection(SolutionConfigurationPlatforms) = preSolution
		Debug|Any CPU = Debug|Any CPU
		Release|Any CPU = Release|Any CPU
	EndGlobalSection
	GlobalSection(ProjectConfigurationPlatforms) = postSolution
		{A206D52E-0667-4B0F-86C2-D5DE1C0824BA}.Debug|Any CPU.ActiveCfg = Debug|Any CPU
		{A206D52E-0667-4B0F-86C2-D5DE1C0824BA}.Debug|Any CPU.Build.0 = Debug|Any CPU
		{A206D52E-0667-4B0F-86C2-D5DE1C0824BA}.Release|Any CPU.ActiveCfg = Release|Any CPU
		{A206D52E-0667-4B0F-86C2-D5DE1C0824BA}.Release|Any CPU.Build.0 = Release|Any CPU
	EndGlobalSection
	GlobalSection(SolutionProperties) = preSolution
		HideSolutionNode = FALSE
	EndGlobalSection
	GlobalSection(ExtensibilityGlobals) = postSolution
		SolutionGuid = {5533DBCB-58A0-4D0C-A978-6C2ADC332825}
	EndGlobalSection
EndGlobal
