
Microsoft Visual Studio Solution File, Format Version 12.00
# Visual Studio Version 17
VisualStudioVersion = 17.2.32630.192
MinimumVisualStudioVersion = 10.0.40219.1
Project("{FAE04EC0-301F-11D3-BF4B-00C04F79EFBC}") = "1051", "1051\1051.csproj", "{5D236DB5-D128-41E5-AD24-F190333B55CF}"
EndProject
Global
	GlobalSection(SolutionConfigurationPlatforms) = preSolution
		Debug|Any CPU = Debug|Any CPU
		Release|Any CPU = Release|Any CPU
	EndGlobalSection
	GlobalSection(ProjectConfigurationPlatforms) = postSolution
		{5D236DB5-D128-41E5-AD24-F190333B55CF}.Debug|Any CPU.ActiveCfg = Debug|Any CPU
		{5D236DB5-D128-41E5-AD24-F190333B55CF}.Debug|Any CPU.Build.0 = Debug|Any CPU
		{5D236DB5-D128-41E5-AD24-F190333B55CF}.Release|Any CPU.ActiveCfg = Release|Any CPU
		{5D236DB5-D128-41E5-AD24-F190333B55CF}.Release|Any CPU.Build.0 = Release|Any CPU
	EndGlobalSection
	GlobalSection(SolutionProperties) = preSolution
		HideSolutionNode = FALSE
	EndGlobalSection
	GlobalSection(ExtensibilityGlobals) = postSolution
		SolutionGuid = {47418067-1E7D-4890-9E59-BF0394170B06}
	EndGlobalSection
EndGlobal
