
Microsoft Visual Studio Solution File, Format Version 12.00
# Visual Studio Version 17
VisualStudioVersion = 17.2.32630.192
MinimumVisualStudioVersion = 10.0.40219.1
Project("{FAE04EC0-301F-11D3-BF4B-00C04F79EFBC}") = "1070", "1070\1070.csproj", "{DE64CA8B-DF37-4C77-B495-3BE3EA5AB745}"
EndProject
Global
	GlobalSection(SolutionConfigurationPlatforms) = preSolution
		Debug|Any CPU = Debug|Any CPU
		Release|Any CPU = Release|Any CPU
	EndGlobalSection
	GlobalSection(ProjectConfigurationPlatforms) = postSolution
		{DE64CA8B-DF37-4C77-B495-3BE3EA5AB745}.Debug|Any CPU.ActiveCfg = Debug|Any CPU
		{DE64CA8B-DF37-4C77-B495-3BE3EA5AB745}.Debug|Any CPU.Build.0 = Debug|Any CPU
		{DE64CA8B-DF37-4C77-B495-3BE3EA5AB745}.Release|Any CPU.ActiveCfg = Release|Any CPU
		{DE64CA8B-DF37-4C77-B495-3BE3EA5AB745}.Release|Any CPU.Build.0 = Release|Any CPU
	EndGlobalSection
	GlobalSection(SolutionProperties) = preSolution
		HideSolutionNode = FALSE
	EndGlobalSection
	GlobalSection(ExtensibilityGlobals) = postSolution
		SolutionGuid = {82FF89C8-3B87-4DFE-AB32-40C16DCB24BF}
	EndGlobalSection
EndGlobal
