
Microsoft Visual Studio Solution File, Format Version 12.00
# Visual Studio Version 17
VisualStudioVersion = 17.2.32630.192
MinimumVisualStudioVersion = 10.0.40219.1
Project("{FAE04EC0-301F-11D3-BF4B-00C04F79EFBC}") = "1115", "1115\1115.csproj", "{68BF2A8A-DC84-405B-AB94-73947AFC93A9}"
EndProject
Global
	GlobalSection(SolutionConfigurationPlatforms) = preSolution
		Debug|Any CPU = Debug|Any CPU
		Release|Any CPU = Release|Any CPU
	EndGlobalSection
	GlobalSection(ProjectConfigurationPlatforms) = postSolution
		{68BF2A8A-DC84-405B-AB94-73947AFC93A9}.Debug|Any CPU.ActiveCfg = Debug|Any CPU
		{68BF2A8A-DC84-405B-AB94-73947AFC93A9}.Debug|Any CPU.Build.0 = Debug|Any CPU
		{68BF2A8A-DC84-405B-AB94-73947AFC93A9}.Release|Any CPU.ActiveCfg = Release|Any CPU
		{68BF2A8A-DC84-405B-AB94-73947AFC93A9}.Release|Any CPU.Build.0 = Release|Any CPU
	EndGlobalSection
	GlobalSection(SolutionProperties) = preSolution
		HideSolutionNode = FALSE
	EndGlobalSection
	GlobalSection(ExtensibilityGlobals) = postSolution
		SolutionGuid = {55BADF86-4715-40AE-B82F-85854996C953}
	EndGlobalSection
EndGlobal
