
Microsoft Visual Studio Solution File, Format Version 12.00
# Visual Studio Version 17
VisualStudioVersion = 17.2.32630.192
MinimumVisualStudioVersion = 10.0.40219.1
Project("{FAE04EC0-301F-11D3-BF4B-00C04F79EFBC}") = "Exercicio 35", "Exercicio 35\Exercicio 35.csproj", "{2D508DF6-F32B-4C77-A819-7EED61D9EB3A}"
EndProject
Global
	GlobalSection(SolutionConfigurationPlatforms) = preSolution
		Debug|Any CPU = Debug|Any CPU
		Release|Any CPU = Release|Any CPU
	EndGlobalSection
	GlobalSection(ProjectConfigurationPlatforms) = postSolution
		{2D508DF6-F32B-4C77-A819-7EED61D9EB3A}.Debug|Any CPU.ActiveCfg = Debug|Any CPU
		{2D508DF6-F32B-4C77-A819-7EED61D9EB3A}.Debug|Any CPU.Build.0 = Debug|Any CPU
		{2D508DF6-F32B-4C77-A819-7EED61D9EB3A}.Release|Any CPU.ActiveCfg = Release|Any CPU
		{2D508DF6-F32B-4C77-A819-7EED61D9EB3A}.Release|Any CPU.Build.0 = Release|Any CPU
	EndGlobalSection
	GlobalSection(SolutionProperties) = preSolution
		HideSolutionNode = FALSE
	EndGlobalSection
	GlobalSection(ExtensibilityGlobals) = postSolution
		SolutionGuid = {DCD0EFFB-5C2A-4E1D-A13C-90276608DF91}
	EndGlobalSection
EndGlobal
