
Microsoft Visual Studio Solution File, Format Version 12.00
# Visual Studio Version 17
VisualStudioVersion = 17.2.32630.192
MinimumVisualStudioVersion = 10.0.40219.1
Project("{FAE04EC0-301F-11D3-BF4B-00C04F79EFBC}") = "1067", "1067\1067.csproj", "{BEDDEE37-16E3-44AE-8C31-ACA84307E730}"
EndProject
Global
	GlobalSection(SolutionConfigurationPlatforms) = preSolution
		Debug|Any CPU = Debug|Any CPU
		Release|Any CPU = Release|Any CPU
	EndGlobalSection
	GlobalSection(ProjectConfigurationPlatforms) = postSolution
		{BEDDEE37-16E3-44AE-8C31-ACA84307E730}.Debug|Any CPU.ActiveCfg = Debug|Any CPU
		{BEDDEE37-16E3-44AE-8C31-ACA84307E730}.Debug|Any CPU.Build.0 = Debug|Any CPU
		{BEDDEE37-16E3-44AE-8C31-ACA84307E730}.Release|Any CPU.ActiveCfg = Release|Any CPU
		{BEDDEE37-16E3-44AE-8C31-ACA84307E730}.Release|Any CPU.Build.0 = Release|Any CPU
	EndGlobalSection
	GlobalSection(SolutionProperties) = preSolution
		HideSolutionNode = FALSE
	EndGlobalSection
	GlobalSection(ExtensibilityGlobals) = postSolution
		SolutionGuid = {67D0A631-9274-4748-8D23-D51C7B5409D5}
	EndGlobalSection
EndGlobal
