
Microsoft Visual Studio Solution File, Format Version 12.00
# Visual Studio Version 17
VisualStudioVersion = 17.2.32630.192
MinimumVisualStudioVersion = 10.0.40219.1
Project("{FAE04EC0-301F-11D3-BF4B-00C04F79EFBC}") = "Sintaxe opcional", "Sintaxe opcional\Sintaxe opcional.csproj", "{F993BD73-3823-437B-B460-D60EB9EB78F9}"
EndProject
Global
	GlobalSection(SolutionConfigurationPlatforms) = preSolution
		Debug|Any CPU = Debug|Any CPU
		Release|Any CPU = Release|Any CPU
	EndGlobalSection
	GlobalSection(ProjectConfigurationPlatforms) = postSolution
		{F993BD73-3823-437B-B460-D60EB9EB78F9}.Debug|Any CPU.ActiveCfg = Debug|Any CPU
		{F993BD73-3823-437B-B460-D60EB9EB78F9}.Debug|Any CPU.Build.0 = Debug|Any CPU
		{F993BD73-3823-437B-B460-D60EB9EB78F9}.Release|Any CPU.ActiveCfg = Release|Any CPU
		{F993BD73-3823-437B-B460-D60EB9EB78F9}.Release|Any CPU.Build.0 = Release|Any CPU
	EndGlobalSection
	GlobalSection(SolutionProperties) = preSolution
		HideSolutionNode = FALSE
	EndGlobalSection
	GlobalSection(ExtensibilityGlobals) = postSolution
		SolutionGuid = {E8CD89C9-F12B-4ADF-AFE1-9F2F1DAD8892}
	EndGlobalSection
EndGlobal
