
Microsoft Visual Studio Solution File, Format Version 12.00
# Visual Studio Version 17
VisualStudioVersion = 17.2.32630.192
MinimumVisualStudioVersion = 10.0.40219.1
Project("{FAE04EC0-301F-11D3-BF4B-00C04F79EFBC}") = "1060", "1060\1060.csproj", "{93F1646C-4163-4D3B-A8B0-71C231387480}"
EndProject
Global
	GlobalSection(SolutionConfigurationPlatforms) = preSolution
		Debug|Any CPU = Debug|Any CPU
		Release|Any CPU = Release|Any CPU
	EndGlobalSection
	GlobalSection(ProjectConfigurationPlatforms) = postSolution
		{93F1646C-4163-4D3B-A8B0-71C231387480}.Debug|Any CPU.ActiveCfg = Debug|Any CPU
		{93F1646C-4163-4D3B-A8B0-71C231387480}.Debug|Any CPU.Build.0 = Debug|Any CPU
		{93F1646C-4163-4D3B-A8B0-71C231387480}.Release|Any CPU.ActiveCfg = Release|Any CPU
		{93F1646C-4163-4D3B-A8B0-71C231387480}.Release|Any CPU.Build.0 = Release|Any CPU
	EndGlobalSection
	GlobalSection(SolutionProperties) = preSolution
		HideSolutionNode = FALSE
	EndGlobalSection
	GlobalSection(ExtensibilityGlobals) = postSolution
		SolutionGuid = {27EF545C-595E-47C5-9373-C858BCAE62E8}
	EndGlobalSection
EndGlobal
